
Microsoft Visual Studio Solution File, Format Version 12.00
# Visual Studio Version 17
VisualStudioVersion = 17.0.32014.148
MinimumVisualStudioVersion = 10.0.40219.1
Project("{FAE04EC0-301F-11D3-BF4B-00C04F79EFBC}") = "atividade 04-04", "atividade 04-04\atividade 04-04.csproj", "{4E568933-012C-4361-A59C-A7D58F4D7C0E}"
EndProject
Global
	GlobalSection(SolutionConfigurationPlatforms) = preSolution
		Debug|Any CPU = Debug|Any CPU
		Release|Any CPU = Release|Any CPU
	EndGlobalSection
	GlobalSection(ProjectConfigurationPlatforms) = postSolution
		{4E568933-012C-4361-A59C-A7D58F4D7C0E}.Debug|Any CPU.ActiveCfg = Debug|Any CPU
		{4E568933-012C-4361-A59C-A7D58F4D7C0E}.Debug|Any CPU.Build.0 = Debug|Any CPU
		{4E568933-012C-4361-A59C-A7D58F4D7C0E}.Release|Any CPU.ActiveCfg = Release|Any CPU
		{4E568933-012C-4361-A59C-A7D58F4D7C0E}.Release|Any CPU.Build.0 = Release|Any CPU
	EndGlobalSection
	GlobalSection(SolutionProperties) = preSolution
		HideSolutionNode = FALSE
	EndGlobalSection
	GlobalSection(ExtensibilityGlobals) = postSolution
		SolutionGuid = {8AD95906-54DA-41BE-84E9-2D34AEAC2BD4}
	EndGlobalSection
EndGlobal
